# This file is autogenerated, do not edit; changes may be undone by the next 'dep ensure'.


[[projects]]
  branch = "master"
  name = "github.com/GeertJohan/go.incremental"
  packages = ["."]
  revision = "1172aab965109e2a70720a0f144b2a5dfeb92fa5"

[[projects]]
  name = "github.com/akavel/rsrc"
  packages = [
    "binutil",
    "coff"
  ]
  revision = "a1fbfaf19b9ec69d75039b2a7cb4b048aecefddf"
  version = "v2"

[[projects]]
  branch = "master"
  name = "github.com/daaku/go.zipexe"
  packages = ["."]
  revision = "a5fe2436ffcb3236e175e5149162b41cd28bd27d"

[[projects]]
  name = "github.com/davecgh/go-spew"
  packages = ["spew"]
  revision = "346938d642f2ec3594ed81d874461961cd0faa76"
  version = "v1.1.0"

[[projects]]
  name = "github.com/jessevdk/go-flags"
  packages = ["."]
  revision = "c6ca198ec95c841fdb89fc0de7496fed11ab854e"
  version = "v1.4.0"

[[projects]]
  branch = "master"
  name = "github.com/kardianos/osext"
  packages = ["."]
  revision = "ae77be60afb1dcacde03767a8c37337fad28ac14"

[solve-meta]
  analyzer-name = "dep"
  analyzer-version = 1
  inputs-digest = "5310efd5ec00b6d8bf9d20d63dbe677bae67273765863112118bfdd44f0e399e"
  solver-name = "gps-cdcl"
  solver-version = 1
